// !$*UTF8*$!
{
	archiveVersion = 1;
	classes = {
	};
	objectVersion = 56;
	objects = {

/* Begin PBXBuildFile section */
		84DD2E382C5930AA00CDCD1C /* AppDelegate.swift in Sources */ = {isa = PBXBuildFile; fileRef = 84DD2E372C5930AA00CDCD1C /* AppDelegate.swift */; };
		84DD2E3A2C5930AA00CDCD1C /* GameViewController.swift in Sources */ = {isa = PBXBuildFile; fileRef = 84DD2E392C5930AA00CDCD1C /* GameViewController.swift */; };
		84DD2E3D2C5930AA00CDCD1C /* Base in Resources */ = {isa = PBXBuildFile; fileRef = 84DD2E3C2C5930AA00CDCD1C /* Base */; };
		84DD2E402C5930AA00CDCD1C /* Base in Resources */ = {isa = PBXBuildFile; fileRef = 84DD2E3F2C5930AA00CDCD1C /* Base */; };
		84DD2E482C5930AA00CDCD1C /* AppDelegate.swift in Sources */ = {isa = PBXBuildFile; fileRef = 84DD2E472C5930AA00CDCD1C /* AppDelegate.swift */; };
		84DD2E4A2C5930AA00CDCD1C /* GameViewController.swift in Sources */ = {isa = PBXBuildFile; fileRef = 84DD2E492C5930AA00CDCD1C /* GameViewController.swift */; };
		84DD2E4D2C5930AA00CDCD1C /* Base in Resources */ = {isa = PBXBuildFile; fileRef = 84DD2E4C2C5930AA00CDCD1C /* Base */; };
		84DD2E502C5930AA00CDCD1C /* Base in Resources */ = {isa = PBXBuildFile; fileRef = 84DD2E4F2C5930AA00CDCD1C /* Base */; };
		84DD2E582C5930AA00CDCD1C /* AppDelegate.swift in Sources */ = {isa = PBXBuildFile; fileRef = 84DD2E572C5930AA00CDCD1C /* AppDelegate.swift */; };
		84DD2E5A2C5930AA00CDCD1C /* GameViewController.swift in Sources */ = {isa = PBXBuildFile; fileRef = 84DD2E592C5930AA00CDCD1C /* GameViewController.swift */; };
		84DD2E5D2C5930AA00CDCD1C /* Base in Resources */ = {isa = PBXBuildFile; fileRef = 84DD2E5C2C5930AA00CDCD1C /* Base */; };
		84DD2E5F2C5930AA00CDCD1C /* Actions.sks in Resources */ = {isa = PBXBuildFile; fileRef = 84DD2E2C2C5930A800CDCD1C /* Actions.sks */; };
		84DD2E602C5930AA00CDCD1C /* Actions.sks in Resources */ = {isa = PBXBuildFile; fileRef = 84DD2E2C2C5930A800CDCD1C /* Actions.sks */; };
		84DD2E612C5930AA00CDCD1C /* Actions.sks in Resources */ = {isa = PBXBuildFile; fileRef = 84DD2E2C2C5930A800CDCD1C /* Actions.sks */; };
		84DD2E622C5930AA00CDCD1C /* GameScene.sks in Resources */ = {isa = PBXBuildFile; fileRef = 84DD2E2D2C5930A800CDCD1C /* GameScene.sks */; };
		84DD2E632C5930AA00CDCD1C /* GameScene.sks in Resources */ = {isa = PBXBuildFile; fileRef = 84DD2E2D2C5930A800CDCD1C /* GameScene.sks */; };
		84DD2E642C5930AA00CDCD1C /* GameScene.sks in Resources */ = {isa = PBXBuildFile; fileRef = 84DD2E2D2C5930A800CDCD1C /* GameScene.sks */; };
		84DD2E652C5930AA00CDCD1C /* GameScene.swift in Sources */ = {isa = PBXBuildFile; fileRef = 84DD2E2E2C5930A800CDCD1C /* GameScene.swift */; };
		84DD2E662C5930AA00CDCD1C /* GameScene.swift in Sources */ = {isa = PBXBuildFile; fileRef = 84DD2E2E2C5930A800CDCD1C /* GameScene.swift */; };
		84DD2E672C5930AA00CDCD1C /* GameScene.swift in Sources */ = {isa = PBXBuildFile; fileRef = 84DD2E2E2C5930A800CDCD1C /* GameScene.swift */; };
		84DD2E682C5930AA00CDCD1C /* Assets.xcassets in Resources */ = {isa = PBXBuildFile; fileRef = 84DD2E2F2C5930AA00CDCD1C /* Assets.xcassets */; };
		84DD2E692C5930AA00CDCD1C /* Assets.xcassets in Resources */ = {isa = PBXBuildFile; fileRef = 84DD2E2F2C5930AA00CDCD1C /* Assets.xcassets */; };
		84DD2E6A2C5930AA00CDCD1C /* Assets.xcassets in Resources */ = {isa = PBXBuildFile; fileRef = 84DD2E2F2C5930AA00CDCD1C /* Assets.xcassets */; };
/* End PBXBuildFile section */

/* Begin PBXFileReference section */
		84DD2E2C2C5930A800CDCD1C /* Actions.sks */ = {isa = PBXFileReference; lastKnownFileType = file.sks; path = Actions.sks; sourceTree = "<group>"; };
		84DD2E2D2C5930A800CDCD1C /* GameScene.sks */ = {isa = PBXFileReference; lastKnownFileType = file.sks; path = GameScene.sks; sourceTree = "<group>"; };
		84DD2E2E2C5930A800CDCD1C /* GameScene.swift */ = {isa = PBXFileReference; lastKnownFileType = sourcecode.swift; path = GameScene.swift; sourceTree = "<group>"; };
		84DD2E2F2C5930AA00CDCD1C /* Assets.xcassets */ = {isa = PBXFileReference; lastKnownFileType = folder.assetcatalog; path = Assets.xcassets; sourceTree = "<group>"; };
		84DD2E342C5930AA00CDCD1C /* PestControl.app */ = {isa = PBXFileReference; explicitFileType = wrapper.application; includeInIndex = 0; path = PestControl.app; sourceTree = BUILT_PRODUCTS_DIR; };
		84DD2E372C5930AA00CDCD1C /* AppDelegate.swift */ = {isa = PBXFileReference; lastKnownFileType = sourcecode.swift; path = AppDelegate.swift; sourceTree = "<group>"; };
		84DD2E392C5930AA00CDCD1C /* GameViewController.swift */ = {isa = PBXFileReference; lastKnownFileType = sourcecode.swift; path = GameViewController.swift; sourceTree = "<group>"; };
		84DD2E3C2C5930AA00CDCD1C /* Base */ = {isa = PBXFileReference; lastKnownFileType = file.storyboard; name = Base; path = Base.lproj/Main.storyboard; sourceTree = "<group>"; };
		84DD2E3F2C5930AA00CDCD1C /* Base */ = {isa = PBXFileReference; lastKnownFileType = file.storyboard; name = Base; path = Base.lproj/LaunchScreen.storyboard; sourceTree = "<group>"; };
		84DD2E452C5930AA00CDCD1C /* PestControl.app */ = {isa = PBXFileReference; explicitFileType = wrapper.application; includeInIndex = 0; path = PestControl.app; sourceTree = BUILT_PRODUCTS_DIR; };
		84DD2E472C5930AA00CDCD1C /* AppDelegate.swift */ = {isa = PBXFileReference; lastKnownFileType = sourcecode.swift; path = AppDelegate.swift; sourceTree = "<group>"; };
		84DD2E492C5930AA00CDCD1C /* GameViewController.swift */ = {isa = PBXFileReference; lastKnownFileType = sourcecode.swift; path = GameViewController.swift; sourceTree = "<group>"; };
		84DD2E4C2C5930AA00CDCD1C /* Base */ = {isa = PBXFileReference; lastKnownFileType = file.storyboard; name = Base; path = Base.lproj/Main.storyboard; sourceTree = "<group>"; };
		84DD2E4F2C5930AA00CDCD1C /* Base */ = {isa = PBXFileReference; lastKnownFileType = file.storyboard; name = Base; path = Base.lproj/LaunchScreen.storyboard; sourceTree = "<group>"; };
		84DD2E552C5930AA00CDCD1C /* PestControl.app */ = {isa = PBXFileReference; explicitFileType = wrapper.application; includeInIndex = 0; path = PestControl.app; sourceTree = BUILT_PRODUCTS_DIR; };
		84DD2E572C5930AA00CDCD1C /* AppDelegate.swift */ = {isa = PBXFileReference; lastKnownFileType = sourcecode.swift; path = AppDelegate.swift; sourceTree = "<group>"; };
		84DD2E592C5930AA00CDCD1C /* GameViewController.swift */ = {isa = PBXFileReference; lastKnownFileType = sourcecode.swift; path = GameViewController.swift; sourceTree = "<group>"; };
		84DD2E5C2C5930AA00CDCD1C /* Base */ = {isa = PBXFileReference; lastKnownFileType = file.storyboard; name = Base; path = Base.lproj/Main.storyboard; sourceTree = "<group>"; };
		84DD2E5E2C5930AA00CDCD1C /* PestControl_macOS.entitlements */ = {isa = PBXFileReference; lastKnownFileType = text.plist.entitlements; path = PestControl_macOS.entitlements; sourceTree = "<group>"; };
/* End PBXFileReference section */

/* Begin PBXFrameworksBuildPhase section */
		84DD2E312C5930AA00CDCD1C /* Frameworks */ = {
			isa = PBXFrameworksBuildPhase;
			buildActionMask = 2147483647;
			files = (
			);
			runOnlyForDeploymentPostprocessing = 0;
		};
		84DD2E422C5930AA00CDCD1C /* Frameworks */ = {
			isa = PBXFrameworksBuildPhase;
			buildActionMask = 2147483647;
			files = (
			);
			runOnlyForDeploymentPostprocessing = 0;
		};
		84DD2E522C5930AA00CDCD1C /* Frameworks */ = {
			isa = PBXFrameworksBuildPhase;
			buildActionMask = 2147483647;
			files = (
			);
			runOnlyForDeploymentPostprocessing = 0;
		};
/* End PBXFrameworksBuildPhase section */

/* Begin PBXGroup section */
		84DD2E262C5930A800CDCD1C = {
			isa = PBXGroup;
			children = (
				84DD2E2B2C5930A800CDCD1C /* PestControl Shared */,
				84DD2E362C5930AA00CDCD1C /* PestControl iOS */,
				84DD2E462C5930AA00CDCD1C /* PestControl tvOS */,
				84DD2E562C5930AA00CDCD1C /* PestControl macOS */,
				84DD2E352C5930AA00CDCD1C /* Products */,
			);
			sourceTree = "<group>";
		};
		84DD2E2B2C5930A800CDCD1C /* PestControl Shared */ = {
			isa = PBXGroup;
			children = (
				84DD2E2C2C5930A800CDCD1C /* Actions.sks */,
				84DD2E2D2C5930A800CDCD1C /* GameScene.sks */,
				84DD2E2E2C5930A800CDCD1C /* GameScene.swift */,
				84DD2E2F2C5930AA00CDCD1C /* Assets.xcassets */,
			);
			path = "PestControl Shared";
			sourceTree = "<group>";
		};
		84DD2E352C5930AA00CDCD1C /* Products */ = {
			isa = PBXGroup;
			children = (
				84DD2E342C5930AA00CDCD1C /* PestControl.app */,
				84DD2E452C5930AA00CDCD1C /* PestControl.app */,
				84DD2E552C5930AA00CDCD1C /* PestControl.app */,
			);
			name = Products;
			sourceTree = "<group>";
		};
		84DD2E362C5930AA00CDCD1C /* PestControl iOS */ = {
			isa = PBXGroup;
			children = (
				84DD2E372C5930AA00CDCD1C /* AppDelegate.swift */,
				84DD2E392C5930AA00CDCD1C /* GameViewController.swift */,
				84DD2E3B2C5930AA00CDCD1C /* Main.storyboard */,
				84DD2E3E2C5930AA00CDCD1C /* LaunchScreen.storyboard */,
			);
			path = "PestControl iOS";
			sourceTree = "<group>";
		};
		84DD2E462C5930AA00CDCD1C /* PestControl tvOS */ = {
			isa = PBXGroup;
			children = (
				84DD2E472C5930AA00CDCD1C /* AppDelegate.swift */,
				84DD2E492C5930AA00CDCD1C /* GameViewController.swift */,
				84DD2E4B2C5930AA00CDCD1C /* Main.storyboard */,
				84DD2E4E2C5930AA00CDCD1C /* LaunchScreen.storyboard */,
			);
			path = "PestControl tvOS";
			sourceTree = "<group>";
		};
		84DD2E562C5930AA00CDCD1C /* PestControl macOS */ = {
			isa = PBXGroup;
			children = (
				84DD2E572C5930AA00CDCD1C /* AppDelegate.swift */,
				84DD2E592C5930AA00CDCD1C /* GameViewController.swift */,
				84DD2E5B2C5930AA00CDCD1C /* Main.storyboard */,
				84DD2E5E2C5930AA00CDCD1C /* PestControl_macOS.entitlements */,
			);
			path = "PestControl macOS";
			sourceTree = "<group>";
		};
/* End PBXGroup section */

/* Begin PBXNativeTarget section */
		84DD2E332C5930AA00CDCD1C /* PestControl iOS */ = {
			isa = PBXNativeTarget;
			buildConfigurationList = 84DD2E6D2C5930AA00CDCD1C /* Build configuration list for PBXNativeTarget "PestControl iOS" */;
			buildPhases = (
				84DD2E302C5930AA00CDCD1C /* Sources */,
				84DD2E312C5930AA00CDCD1C /* Frameworks */,
				84DD2E322C5930AA00CDCD1C /* Resources */,
			);
			buildRules = (
			);
			dependencies = (
			);
			name = "PestControl iOS";
			productName = "PestControl iOS";
			productReference = 84DD2E342C5930AA00CDCD1C /* PestControl.app */;
			productType = "com.apple.product-type.application";
		};
		84DD2E442C5930AA00CDCD1C /* PestControl tvOS */ = {
			isa = PBXNativeTarget;
			buildConfigurationList = 84DD2E702C5930AA00CDCD1C /* Build configuration list for PBXNativeTarget "PestControl tvOS" */;
			buildPhases = (
				84DD2E412C5930AA00CDCD1C /* Sources */,
				84DD2E422C5930AA00CDCD1C /* Frameworks */,
				84DD2E432C5930AA00CDCD1C /* Resources */,
			);
			buildRules = (
			);
			dependencies = (
			);
			name = "PestControl tvOS";
			productName = "PestControl tvOS";
			productReference = 84DD2E452C5930AA00CDCD1C /* PestControl.app */;
			productType = "com.apple.product-type.application";
		};
		84DD2E542C5930AA00CDCD1C /* PestControl macOS */ = {
			isa = PBXNativeTarget;
			buildConfigurationList = 84DD2E732C5930AA00CDCD1C /* Build configuration list for PBXNativeTarget "PestControl macOS" */;
			buildPhases = (
				84DD2E512C5930AA00CDCD1C /* Sources */,
				84DD2E522C5930AA00CDCD1C /* Frameworks */,
				84DD2E532C5930AA00CDCD1C /* Resources */,
			);
			buildRules = (
			);
			dependencies = (
			);
			name = "PestControl macOS";
			productName = "PestControl macOS";
			productReference = 84DD2E552C5930AA00CDCD1C /* PestControl.app */;
			productType = "com.apple.product-type.application";
		};
/* End PBXNativeTarget section */

/* Begin PBXProject section */
		84DD2E272C5930A800CDCD1C /* Project object */ = {
			isa = PBXProject;
			attributes = {
				BuildIndependentTargetsInParallel = 1;
				LastSwiftUpdateCheck = 1540;
				LastUpgradeCheck = 1540;
				TargetAttributes = {
					84DD2E332C5930AA00CDCD1C = {
						CreatedOnToolsVersion = 15.4;
					};
					84DD2E442C5930AA00CDCD1C = {
						CreatedOnToolsVersion = 15.4;
					};
					84DD2E542C5930AA00CDCD1C = {
						CreatedOnToolsVersion = 15.4;
					};
				};
			};
			buildConfigurationList = 84DD2E2A2C5930A800CDCD1C /* Build configuration list for PBXProject "PestControl" */;
			compatibilityVersion = "Xcode 14.0";
			developmentRegion = en;
			hasScannedForEncodings = 0;
			knownRegions = (
				en,
				Base,
			);
			mainGroup = 84DD2E262C5930A800CDCD1C;
			productRefGroup = 84DD2E352C5930AA00CDCD1C /* Products */;
			projectDirPath = "";
			projectRoot = "";
			targets = (
				84DD2E332C5930AA00CDCD1C /* PestControl iOS */,
				84DD2E442C5930AA00CDCD1C /* PestControl tvOS */,
				84DD2E542C5930AA00CDCD1C /* PestControl macOS */,
			);
		};
/* End PBXProject section */

/* Begin PBXResourcesBuildPhase section */
		84DD2E322C5930AA00CDCD1C /* Resources */ = {
			isa = PBXResourcesBuildPhase;
			buildActionMask = 2147483647;
			files = (
				84DD2E622C5930AA00CDCD1C /* GameScene.sks in Resources */,
				84DD2E3D2C5930AA00CDCD1C /* Base in Resources */,
				84DD2E5F2C5930AA00CDCD1C /* Actions.sks in Resources */,
				84DD2E402C5930AA00CDCD1C /* Base in Resources */,
				84DD2E682C5930AA00CDCD1C /* Assets.xcassets in Resources */,
			);
			runOnlyForDeploymentPostprocessing = 0;
		};
		84DD2E432C5930AA00CDCD1C /* Resources */ = {
			isa = PBXResourcesBuildPhase;
			buildActionMask = 2147483647;
			files = (
				84DD2E632C5930AA00CDCD1C /* GameScene.sks in Resources */,
				84DD2E4D2C5930AA00CDCD1C /* Base in Resources */,
				84DD2E602C5930AA00CDCD1C /* Actions.sks in Resources */,
				84DD2E502C5930AA00CDCD1C /* Base in Resources */,
				84DD2E692C5930AA00CDCD1C /* Assets.xcassets in Resources */,
			);
			runOnlyForDeploymentPostprocessing = 0;
		};
		84DD2E532C5930AA00CDCD1C /* Resources */ = {
			isa = PBXResourcesBuildPhase;
			buildActionMask = 2147483647;
			files = (
				84DD2E5D2C5930AA00CDCD1C /* Base in Resources */,
				84DD2E642C5930AA00CDCD1C /* GameScene.sks in Resources */,
				84DD2E6A2C5930AA00CDCD1C /* Assets.xcassets in Resources */,
				84DD2E612C5930AA00CDCD1C /* Actions.sks in Resources */,
			);
			runOnlyForDeploymentPostprocessing = 0;
		};
/* End PBXResourcesBuildPhase section */

/* Begin PBXSourcesBuildPhase section */
		84DD2E302C5930AA00CDCD1C /* Sources */ = {
			isa = PBXSourcesBuildPhase;
			buildActionMask = 2147483647;
			files = (
				84DD2E652C5930AA00CDCD1C /* GameScene.swift in Sources */,
				84DD2E3A2C5930AA00CDCD1C /* GameViewController.swift in Sources */,
				84DD2E382C5930AA00CDCD1C /* AppDelegate.swift in Sources */,
			);
			runOnlyForDeploymentPostprocessing = 0;
		};
		84DD2E412C5930AA00CDCD1C /* Sources */ = {
			isa = PBXSourcesBuildPhase;
			buildActionMask = 2147483647;
			files = (
				84DD2E662C5930AA00CDCD1C /* GameScene.swift in Sources */,
				84DD2E4A2C5930AA00CDCD1C /* GameViewController.swift in Sources */,
				84DD2E482C5930AA00CDCD1C /* AppDelegate.swift in Sources */,
			);
			runOnlyForDeploymentPostprocessing = 0;
		};
		84DD2E512C5930AA00CDCD1C /* Sources */ = {
			isa = PBXSourcesBuildPhase;
			buildActionMask = 2147483647;
			files = (
				84DD2E672C5930AA00CDCD1C /* GameScene.swift in Sources */,
				84DD2E5A2C5930AA00CDCD1C /* GameViewController.swift in Sources */,
				84DD2E582C5930AA00CDCD1C /* AppDelegate.swift in Sources */,
			);
			runOnlyForDeploymentPostprocessing = 0;
		};
/* End PBXSourcesBuildPhase section */

/* Begin PBXVariantGroup section */
		84DD2E3B2C5930AA00CDCD1C /* Main.storyboard */ = {
			isa = PBXVariantGroup;
			children = (
				84DD2E3C2C5930AA00CDCD1C /* Base */,
			);
			name = Main.storyboard;
			sourceTree = "<group>";
		};
		84DD2E3E2C5930AA00CDCD1C /* LaunchScreen.storyboard */ = {
			isa = PBXVariantGroup;
			children = (
				84DD2E3F2C5930AA00CDCD1C /* Base */,
			);
			name = LaunchScreen.storyboard;
			sourceTree = "<group>";
		};
		84DD2E4B2C5930AA00CDCD1C /* Main.storyboard */ = {
			isa = PBXVariantGroup;
			children = (
				84DD2E4C2C5930AA00CDCD1C /* Base */,
			);
			name = Main.storyboard;
			sourceTree = "<group>";
		};
		84DD2E4E2C5930AA00CDCD1C /* LaunchScreen.storyboard */ = {
			isa = PBXVariantGroup;
			children = (
				84DD2E4F2C5930AA00CDCD1C /* Base */,
			);
			name = LaunchScreen.storyboard;
			sourceTree = "<group>";
		};
		84DD2E5B2C5930AA00CDCD1C /* Main.storyboard */ = {
			isa = PBXVariantGroup;
			children = (
				84DD2E5C2C5930AA00CDCD1C /* Base */,
			);
			name = Main.storyboard;
			sourceTree = "<group>";
		};
/* End PBXVariantGroup section */

/* Begin XCBuildConfiguration section */
		84DD2E6B2C5930AA00CDCD1C /* Debug */ = {
			isa = XCBuildConfiguration;
			buildSettings = {
				ALWAYS_SEARCH_USER_PATHS = NO;
				ASSETCATALOG_COMPILER_GENERATE_SWIFT_ASSET_SYMBOL_EXTENSIONS = YES;
				CLANG_ANALYZER_NONNULL = YES;
				CLANG_ANALYZER_NUMBER_OBJECT_CONVERSION = YES_AGGRESSIVE;
				CLANG_CXX_LANGUAGE_STANDARD = "gnu++20";
				CLANG_ENABLE_MODULES = YES;
				CLANG_ENABLE_OBJC_ARC = YES;
				CLANG_ENABLE_OBJC_WEAK = YES;
				CLANG_WARN_BLOCK_CAPTURE_AUTORELEASING = YES;
				CLANG_WARN_BOOL_CONVERSION = YES;
				CLANG_WARN_COMMA = YES;
				CLANG_WARN_CONSTANT_CONVERSION = YES;
				CLANG_WARN_DEPRECATED_OBJC_IMPLEMENTATIONS = YES;
				CLANG_WARN_DIRECT_OBJC_ISA_USAGE = YES_ERROR;
				CLANG_WARN_DOCUMENTATION_COMMENTS = YES;
				CLANG_WARN_EMPTY_BODY = YES;
				CLANG_WARN_ENUM_CONVERSION = YES;
				CLANG_WARN_INFINITE_RECURSION = YES;
				CLANG_WARN_INT_CONVERSION = YES;
				CLANG_WARN_NON_LITERAL_NULL_CONVERSION = YES;
				CLANG_WARN_OBJC_IMPLICIT_RETAIN_SELF = YES;
				CLANG_WARN_OBJC_LITERAL_CONVERSION = YES;
				CLANG_WARN_OBJC_ROOT_CLASS = YES_ERROR;
				CLANG_WARN_QUOTED_INCLUDE_IN_FRAMEWORK_HEADER = YES;
				CLANG_WARN_RANGE_LOOP_ANALYSIS = YES;
				CLANG_WARN_STRICT_PROTOTYPES = YES;
				CLANG_WARN_SUSPICIOUS_MOVE = YES;
				CLANG_WARN_UNGUARDED_AVAILABILITY = YES_AGGRESSIVE;
				CLANG_WARN_UNREACHABLE_CODE = YES;
				CLANG_WARN__DUPLICATE_METHOD_MATCH = YES;
				COPY_PHASE_STRIP = NO;
				DEBUG_INFORMATION_FORMAT = dwarf;
				ENABLE_STRICT_OBJC_MSGSEND = YES;
				ENABLE_TESTABILITY = YES;
				ENABLE_USER_SCRIPT_SANDBOXING = YES;
				GCC_C_LANGUAGE_STANDARD = gnu17;
				GCC_DYNAMIC_NO_PIC = NO;
				GCC_NO_COMMON_BLOCKS = YES;
				GCC_OPTIMIZATION_LEVEL = 0;
				GCC_PREPROCESSOR_DEFINITIONS = (
					"DEBUG=1",
					"$(inherited)",
				);
				GCC_WARN_64_TO_32_BIT_CONVERSION = YES;
				GCC_WARN_ABOUT_RETURN_TYPE = YES_ERROR;
				GCC_WARN_UNDECLARED_SELECTOR = YES;
				GCC_WARN_UNINITIALIZED_AUTOS = YES_AGGRESSIVE;
				GCC_WARN_UNUSED_FUNCTION = YES;
				GCC_WARN_UNUSED_VARIABLE = YES;
				LOCALIZATION_PREFERS_STRING_CATALOGS = YES;
				MTL_ENABLE_DEBUG_INFO = INCLUDE_SOURCE;
				MTL_FAST_MATH = YES;
				ONLY_ACTIVE_ARCH = YES;
				SWIFT_ACTIVE_COMPILATION_CONDITIONS = "DEBUG $(inherited)";
				SWIFT_OPTIMIZATION_LEVEL = "-Onone";
			};
			name = Debug;
		};
		84DD2E6C2C5930AA00CDCD1C /* Release */ = {
			isa = XCBuildConfiguration;
			buildSettings = {
				ALWAYS_SEARCH_USER_PATHS = NO;
				ASSETCATALOG_COMPILER_GENERATE_SWIFT_ASSET_SYMBOL_EXTENSIONS = YES;
				CLANG_ANALYZER_NONNULL = YES;
				CLANG_ANALYZER_NUMBER_OBJECT_CONVERSION = YES_AGGRESSIVE;
				CLANG_CXX_LANGUAGE_STANDARD = "gnu++20";
				CLANG_ENABLE_MODULES = YES;
				CLANG_ENABLE_OBJC_ARC = YES;
				CLANG_ENABLE_OBJC_WEAK = YES;
				CLANG_WARN_BLOCK_CAPTURE_AUTORELEASING = YES;
				CLANG_WARN_BOOL_CONVERSION = YES;
				CLANG_WARN_COMMA = YES;
				CLANG_WARN_CONSTANT_CONVERSION = YES;
				CLANG_WARN_DEPRECATED_OBJC_IMPLEMENTATIONS = YES;
				CLANG_WARN_DIRECT_OBJC_ISA_USAGE = YES_ERROR;
				CLANG_WARN_DOCUMENTATION_COMMENTS = YES;
				CLANG_WARN_EMPTY_BODY = YES;
				CLANG_WARN_ENUM_CONVERSION = YES;
				CLANG_WARN_INFINITE_RECURSION = YES;
				CLANG_WARN_INT_CONVERSION = YES;
				CLANG_WARN_NON_LITERAL_NULL_CONVERSION = YES;
				CLANG_WARN_OBJC_IMPLICIT_RETAIN_SELF = YES;
				CLANG_WARN_OBJC_LITERAL_CONVERSION = YES;
				CLANG_WARN_OBJC_ROOT_CLASS = YES_ERROR;
				CLANG_WARN_QUOTED_INCLUDE_IN_FRAMEWORK_HEADER = YES;
				CLANG_WARN_RANGE_LOOP_ANALYSIS = YES;
				CLANG_WARN_STRICT_PROTOTYPES = YES;
				CLANG_WARN_SUSPICIOUS_MOVE = YES;
				CLANG_WARN_UNGUARDED_AVAILABILITY = YES_AGGRESSIVE;
				CLANG_WARN_UNREACHABLE_CODE = YES;
				CLANG_WARN__DUPLICATE_METHOD_MATCH = YES;
				COPY_PHASE_STRIP = NO;
				DEBUG_INFORMATION_FORMAT = "dwarf-with-dsym";
				ENABLE_NS_ASSERTIONS = NO;
				ENABLE_STRICT_OBJC_MSGSEND = YES;
				ENABLE_USER_SCRIPT_SANDBOXING = YES;
				GCC_C_LANGUAGE_STANDARD = gnu17;
				GCC_NO_COMMON_BLOCKS = YES;
				GCC_WARN_64_TO_32_BIT_CONVERSION = YES;
				GCC_WARN_ABOUT_RETURN_TYPE = YES_ERROR;
				GCC_WARN_UNDECLARED_SELECTOR = YES;
				GCC_WARN_UNINITIALIZED_AUTOS = YES_AGGRESSIVE;
				GCC_WARN_UNUSED_FUNCTION = YES;
				GCC_WARN_UNUSED_VARIABLE = YES;
				LOCALIZATION_PREFERS_STRING_CATALOGS = YES;
				MTL_ENABLE_DEBUG_INFO = NO;
				MTL_FAST_MATH = YES;
				SWIFT_COMPILATION_MODE = wholemodule;
			};
			name = Release;
		};
		84DD2E6E2C5930AA00CDCD1C /* Debug */ = {
			isa = XCBuildConfiguration;
			buildSettings = {
				ASSETCATALOG_COMPILER_APPICON_NAME = AppIcon;
				ASSETCATALOG_COMPILER_GLOBAL_ACCENT_COLOR_NAME = AccentColor;
				CODE_SIGN_STYLE = Automatic;
				CURRENT_PROJECT_VERSION = 1;
				DEVELOPMENT_TEAM = AY49G28558;
				GENERATE_INFOPLIST_FILE = YES;
				INFOPLIST_KEY_UIApplicationSupportsIndirectInputEvents = YES;
				INFOPLIST_KEY_UILaunchStoryboardName = LaunchScreen;
				INFOPLIST_KEY_UIMainStoryboardFile = Main;
				INFOPLIST_KEY_UIStatusBarHidden = YES;
				INFOPLIST_KEY_UISupportedInterfaceOrientations_iPad = "UIInterfaceOrientationPortrait UIInterfaceOrientationPortraitUpsideDown UIInterfaceOrientationLandscapeLeft UIInterfaceOrientationLandscapeRight";
				INFOPLIST_KEY_UISupportedInterfaceOrientations_iPhone = "UIInterfaceOrientationPortrait UIInterfaceOrientationLandscapeLeft UIInterfaceOrientationLandscapeRight";
				IPHONEOS_DEPLOYMENT_TARGET = 17.5;
				LD_RUNPATH_SEARCH_PATHS = (
					"$(inherited)",
					"@executable_path/Frameworks",
				);
				MARKETING_VERSION = 1.0;
				PRODUCT_BUNDLE_IDENTIFIER = appledeveloperacademy.PestControl;
				PRODUCT_NAME = PestControl;
				SDKROOT = iphoneos;
				SWIFT_EMIT_LOC_STRINGS = YES;
				SWIFT_VERSION = 5.0;
				TARGETED_DEVICE_FAMILY = "1,2";
			};
			name = Debug;
		};
		84DD2E6F2C5930AA00CDCD1C /* Release */ = {
			isa = XCBuildConfiguration;
			buildSettings = {
				ASSETCATALOG_COMPILER_APPICON_NAME = AppIcon;
				ASSETCATALOG_COMPILER_GLOBAL_ACCENT_COLOR_NAME = AccentColor;
				CODE_SIGN_STYLE = Automatic;
				CURRENT_PROJECT_VERSION = 1;
				DEVELOPMENT_TEAM = AY49G28558;
				GENERATE_INFOPLIST_FILE = YES;
				INFOPLIST_KEY_UIApplicationSupportsIndirectInputEvents = YES;
				INFOPLIST_KEY_UILaunchStoryboardName = LaunchScreen;
				INFOPLIST_KEY_UIMainStoryboardFile = Main;
				INFOPLIST_KEY_UIStatusBarHidden = YES;
				INFOPLIST_KEY_UISupportedInterfaceOrientations_iPad = "UIInterfaceOrientationPortrait UIInterfaceOrientationPortraitUpsideDown UIInterfaceOrientationLandscapeLeft UIInterfaceOrientationLandscapeRight";
				INFOPLIST_KEY_UISupportedInterfaceOrientations_iPhone = "UIInterfaceOrientationPortrait UIInterfaceOrientationLandscapeLeft UIInterfaceOrientationLandscapeRight";
				IPHONEOS_DEPLOYMENT_TARGET = 17.5;
				LD_RUNPATH_SEARCH_PATHS = (
					"$(inherited)",
					"@executable_path/Frameworks",
				);
				MARKETING_VERSION = 1.0;
				PRODUCT_BUNDLE_IDENTIFIER = appledeveloperacademy.PestControl;
				PRODUCT_NAME = PestControl;
				SDKROOT = iphoneos;
				SWIFT_EMIT_LOC_STRINGS = YES;
				SWIFT_VERSION = 5.0;
				TARGETED_DEVICE_FAMILY = "1,2";
				VALIDATE_PRODUCT = YES;
			};
			name = Release;
		};
		84DD2E712C5930AA00CDCD1C /* Debug */ = {
			isa = XCBuildConfiguration;
			buildSettings = {
				ASSETCATALOG_COMPILER_APPICON_NAME = "tvOS App Icon & Top Shelf Image";
				ASSETCATALOG_COMPILER_GLOBAL_ACCENT_COLOR_NAME = AccentColor;
				CODE_SIGN_STYLE = Automatic;
				CURRENT_PROJECT_VERSION = 1;
				DEVELOPMENT_TEAM = AY49G28558;
				GENERATE_INFOPLIST_FILE = YES;
				INFOPLIST_KEY_UILaunchStoryboardName = LaunchScreen;
				INFOPLIST_KEY_UIMainStoryboardFile = Main;
				INFOPLIST_KEY_UIUserInterfaceStyle = Automatic;
				LD_RUNPATH_SEARCH_PATHS = (
					"$(inherited)",
					"@executable_path/Frameworks",
				);
				MARKETING_VERSION = 1.0;
				PRODUCT_BUNDLE_IDENTIFIER = appledeveloperacademy.PestControl;
				PRODUCT_NAME = PestControl;
				SDKROOT = appletvos;
				SWIFT_EMIT_LOC_STRINGS = YES;
				SWIFT_VERSION = 5.0;
				TARGETED_DEVICE_FAMILY = 3;
				TVOS_DEPLOYMENT_TARGET = 17.5;
			};
			name = Debug;
		};
		84DD2E722C5930AA00CDCD1C /* Release */ = {
			isa = XCBuildConfiguration;
			buildSettings = {
				ASSETCATALOG_COMPILER_APPICON_NAME = "tvOS App Icon & Top Shelf Image";
				ASSETCATALOG_COMPILER_GLOBAL_ACCENT_COLOR_NAME = AccentColor;
				CODE_SIGN_STYLE = Automatic;
				CURRENT_PROJECT_VERSION = 1;
				DEVELOPMENT_TEAM = AY49G28558;
				GENERATE_INFOPLIST_FILE = YES;
				INFOPLIST_KEY_UILaunchStoryboardName = LaunchScreen;
				INFOPLIST_KEY_UIMainStoryboardFile = Main;
				INFOPLIST_KEY_UIUserInterfaceStyle = Automatic;
				LD_RUNPATH_SEARCH_PATHS = (
					"$(inherited)",
					"@executable_path/Frameworks",
				);
				MARKETING_VERSION = 1.0;
				PRODUCT_BUNDLE_IDENTIFIER = appledeveloperacademy.PestControl;
				PRODUCT_NAME = PestControl;
				SDKROOT = appletvos;
				SWIFT_EMIT_LOC_STRINGS = YES;
				SWIFT_VERSION = 5.0;
				TARGETED_DEVICE_FAMILY = 3;
				TVOS_DEPLOYMENT_TARGET = 17.5;
				VALIDATE_PRODUCT = YES;
			};
			name = Release;
		};
		84DD2E742C5930AA00CDCD1C /* Debug */ = {
			isa = XCBuildConfiguration;
			buildSettings = {
				ASSETCATALOG_COMPILER_APPICON_NAME = AppIcon;
				ASSETCATALOG_COMPILER_GLOBAL_ACCENT_COLOR_NAME = AccentColor;
				CODE_SIGN_ENTITLEMENTS = "PestControl macOS/PestControl_macOS.entitlements";
				CODE_SIGN_STYLE = Automatic;
				COMBINE_HIDPI_IMAGES = YES;
				CURRENT_PROJECT_VERSION = 1;
				DEVELOPMENT_TEAM = AY49G28558;
				ENABLE_HARDENED_RUNTIME = YES;
				GENERATE_INFOPLIST_FILE = YES;
				INFOPLIST_KEY_NSHumanReadableCopyright = "";
				INFOPLIST_KEY_NSMainStoryboardFile = Main;
				INFOPLIST_KEY_NSPrincipalClass = NSApplication;
				LD_RUNPATH_SEARCH_PATHS = (
					"$(inherited)",
					"@executable_path/../Frameworks",
				);
				MACOSX_DEPLOYMENT_TARGET = 14.3;
				MARKETING_VERSION = 1.0;
				PRODUCT_BUNDLE_IDENTIFIER = appledeveloperacademy.PestControl;
				PRODUCT_NAME = PestControl;
				SDKROOT = macosx;
				SWIFT_EMIT_LOC_STRINGS = YES;
				SWIFT_VERSION = 5.0;
			};
			name = Debug;
		};
		84DD2E752C5930AA00CDCD1C /* Release */ = {
			isa = XCBuildConfiguration;
			buildSettings = {
				ASSETCATALOG_COMPILER_APPICON_NAME = AppIcon;
				ASSETCATALOG_COMPILER_GLOBAL_ACCENT_COLOR_NAME = AccentColor;
				CODE_SIGN_ENTITLEMENTS = "PestControl macOS/PestControl_macOS.entitlements";
				CODE_SIGN_STYLE = Automatic;
				COMBINE_HIDPI_IMAGES = YES;
				CURRENT_PROJECT_VERSION = 1;
				DEVELOPMENT_TEAM = AY49G28558;
				ENABLE_HARDENED_RUNTIME = YES;
				GENERATE_INFOPLIST_FILE = YES;
				INFOPLIST_KEY_NSHumanReadableCopyright = "";
				INFOPLIST_KEY_NSMainStoryboardFile = Main;
				INFOPLIST_KEY_NSPrincipalClass = NSApplication;
				LD_RUNPATH_SEARCH_PATHS = (
					"$(inherited)",
					"@executable_path/../Frameworks",
				);
				MACOSX_DEPLOYMENT_TARGET = 14.3;
				MARKETING_VERSION = 1.0;
				PRODUCT_BUNDLE_IDENTIFIER = appledeveloperacademy.PestControl;
				PRODUCT_NAME = PestControl;
				SDKROOT = macosx;
				SWIFT_EMIT_LOC_STRINGS = YES;
				SWIFT_VERSION = 5.0;
			};
			name = Release;
		};
/* End XCBuildConfiguration section */

/* Begin XCConfigurationList section */
		84DD2E2A2C5930A800CDCD1C /* Build configuration list for PBXProject "PestControl" */ = {
			isa = XCConfigurationList;
			buildConfigurations = (
				84DD2E6B2C5930AA00CDCD1C /* Debug */,
				84DD2E6C2C5930AA00CDCD1C /* Release */,
			);
			defaultConfigurationIsVisible = 0;
			defaultConfigurationName = Release;
		};
		84DD2E6D2C5930AA00CDCD1C /* Build configuration list for PBXNativeTarget "PestControl iOS" */ = {
			isa = XCConfigurationList;
			buildConfigurations = (
				84DD2E6E2C5930AA00CDCD1C /* Debug */,
				84DD2E6F2C5930AA00CDCD1C /* Release */,
			);
			defaultConfigurationIsVisible = 0;
			defaultConfigurationName = Release;
		};
		84DD2E702C5930AA00CDCD1C /* Build configuration list for PBXNativeTarget "PestControl tvOS" */ = {
			isa = XCConfigurationList;
			buildConfigurations = (
				84DD2E712C5930AA00CDCD1C /* Debug */,
				84DD2E722C5930AA00CDCD1C /* Release */,
			);
			defaultConfigurationIsVisible = 0;
			defaultConfigurationName = Release;
		};
		84DD2E732C5930AA00CDCD1C /* Build configuration list for PBXNativeTarget "PestControl macOS" */ = {
			isa = XCConfigurationList;
			buildConfigurations = (
				84DD2E742C5930AA00CDCD1C /* Debug */,
				84DD2E752C5930AA00CDCD1C /* Release */,
			);
			defaultConfigurationIsVisible = 0;
			defaultConfigurationName = Release;
		};
/* End XCConfigurationList section */
	};
	rootObject = 84DD2E272C5930A800CDCD1C /* Project object */;
}
